
Microsoft Visual Studio Solution File, Format Version 12.00
# Visual Studio Version 17
VisualStudioVersion = 17.14.36518.9
MinimumVisualStudioVersion = 10.0.40219.1
Project("{2150E333-8FDC-42A3-9474-1A3956D46DE8}") = "Services", "Services", "{02EA681E-C7D8-13C7-8484-4AC65E1B71E8}"
EndProject
Project("{2150E333-8FDC-42A3-9474-1A3956D46DE8}") = "Catalog", "Catalog", "{4F5798FA-8658-4A6C-8A54-FCAF807B6A8F}"
EndProject
Project("{FAE04EC0-301F-11D3-BF4B-00C04F79EFBC}") = "Catalog.API", "Services\Catalog\Catalog.API\Catalog.API.csproj", "{E0276209-41E2-4339-91A0-7197BAD6773D}"
EndProject
Project("{2150E333-8FDC-42A3-9474-1A3956D46DE8}") = "BuldingBlocks", "BuldingBlocks", "{1F209FD2-8117-43AF-B42D-EFAFE688F335}"
EndProject
Project("{FAE04EC0-301F-11D3-BF4B-00C04F79EFBC}") = "BuldingBlocks", "BuldingBlocks\BuldingBlocks\BuldingBlocks.csproj", "{FF33146D-82B1-4661-B503-F3CF987F89B9}"
EndProject
Project("{E53339B2-1760-4266-BCC7-CA923CBCF16C}") = "docker-compose", "docker-compose.dcproj", "{81DDED9D-158B-E303-5F62-77A2896D2A5A}"
EndProject
Project("{2150E333-8FDC-42A3-9474-1A3956D46DE8}") = "Basket", "Basket", "{5634299C-FBBE-4A8E-8535-93A2B4B3E863}"
EndProject
Project("{FAE04EC0-301F-11D3-BF4B-00C04F79EFBC}") = "Basket.API", "Services\Basket\Basket.API\Basket.API.csproj", "{AC6D30D0-8CCB-4F66-8F16-44A374E088DF}"
EndProject
Project("{2150E333-8FDC-42A3-9474-1A3956D46DE8}") = "Discount", "Discount", "{B7E76A78-479A-4051-AFC4-4BB8A08322BE}"
EndProject
Project("{FAE04EC0-301F-11D3-BF4B-00C04F79EFBC}") = "Discount.Grpc", "Services\Discount\Discount.Grpc\Discount.Grpc.csproj", "{15EB85EB-177F-4328-83E3-849667C92A6E}"
EndProject
Project("{2150E333-8FDC-42A3-9474-1A3956D46DE8}") = "Ordering", "Ordering", "{9E915456-AB36-48D0-9A37-531E5BD41327}"
EndProject
Project("{FAE04EC0-301F-11D3-BF4B-00C04F79EFBC}") = "Ordering.API", "Services\Ordering\Ordering.API\Ordering.API.csproj", "{968FB23A-821C-4C3C-841B-D2B2975DDC75}"
EndProject
Project("{FAE04EC0-301F-11D3-BF4B-00C04F79EFBC}") = "Ordering.Domain", "Services\Ordering\Ordering.Domain\Ordering.Domain.csproj", "{D3A2C322-9993-4A8C-8AD8-1E8E44FBCBB0}"
EndProject
Project("{FAE04EC0-301F-11D3-BF4B-00C04F79EFBC}") = "Ordering.Application", "Services\Ordering\Ordering.Application\Ordering.Application.csproj", "{179C23B6-35FE-435B-BD72-6F16416024ED}"
EndProject
Project("{FAE04EC0-301F-11D3-BF4B-00C04F79EFBC}") = "Ordering.Infrastructure", "Services\Ordering\Ordering.Infrastructure\Ordering.Infrastructure.csproj", "{CF846832-60BA-4195-B4CB-3DAD89167DF7}"
EndProject
Global
	GlobalSection(SolutionConfigurationPlatforms) = preSolution
		Debug|Any CPU = Debug|Any CPU
		Release|Any CPU = Release|Any CPU
	EndGlobalSection
	GlobalSection(ProjectConfigurationPlatforms) = postSolution
		{E0276209-41E2-4339-91A0-7197BAD6773D}.Debug|Any CPU.ActiveCfg = Debug|Any CPU
		{E0276209-41E2-4339-91A0-7197BAD6773D}.Debug|Any CPU.Build.0 = Debug|Any CPU
		{E0276209-41E2-4339-91A0-7197BAD6773D}.Release|Any CPU.ActiveCfg = Release|Any CPU
		{E0276209-41E2-4339-91A0-7197BAD6773D}.Release|Any CPU.Build.0 = Release|Any CPU
		{FF33146D-82B1-4661-B503-F3CF987F89B9}.Debug|Any CPU.ActiveCfg = Debug|Any CPU
		{FF33146D-82B1-4661-B503-F3CF987F89B9}.Debug|Any CPU.Build.0 = Debug|Any CPU
		{FF33146D-82B1-4661-B503-F3CF987F89B9}.Release|Any CPU.ActiveCfg = Release|Any CPU
		{FF33146D-82B1-4661-B503-F3CF987F89B9}.Release|Any CPU.Build.0 = Release|Any CPU
		{81DDED9D-158B-E303-5F62-77A2896D2A5A}.Debug|Any CPU.ActiveCfg = Debug|Any CPU
		{81DDED9D-158B-E303-5F62-77A2896D2A5A}.Debug|Any CPU.Build.0 = Debug|Any CPU
		{81DDED9D-158B-E303-5F62-77A2896D2A5A}.Release|Any CPU.ActiveCfg = Release|Any CPU
		{81DDED9D-158B-E303-5F62-77A2896D2A5A}.Release|Any CPU.Build.0 = Release|Any CPU
		{AC6D30D0-8CCB-4F66-8F16-44A374E088DF}.Debug|Any CPU.ActiveCfg = Debug|Any CPU
		{AC6D30D0-8CCB-4F66-8F16-44A374E088DF}.Debug|Any CPU.Build.0 = Debug|Any CPU
		{AC6D30D0-8CCB-4F66-8F16-44A374E088DF}.Release|Any CPU.ActiveCfg = Release|Any CPU
		{AC6D30D0-8CCB-4F66-8F16-44A374E088DF}.Release|Any CPU.Build.0 = Release|Any CPU
		{15EB85EB-177F-4328-83E3-849667C92A6E}.Debug|Any CPU.ActiveCfg = Debug|Any CPU
		{15EB85EB-177F-4328-83E3-849667C92A6E}.Debug|Any CPU.Build.0 = Debug|Any CPU
		{15EB85EB-177F-4328-83E3-849667C92A6E}.Release|Any CPU.ActiveCfg = Release|Any CPU
		{15EB85EB-177F-4328-83E3-849667C92A6E}.Release|Any CPU.Build.0 = Release|Any CPU
		{968FB23A-821C-4C3C-841B-D2B2975DDC75}.Debug|Any CPU.ActiveCfg = Debug|Any CPU
		{968FB23A-821C-4C3C-841B-D2B2975DDC75}.Debug|Any CPU.Build.0 = Debug|Any CPU
		{968FB23A-821C-4C3C-841B-D2B2975DDC75}.Release|Any CPU.ActiveCfg = Release|Any CPU
		{968FB23A-821C-4C3C-841B-D2B2975DDC75}.Release|Any CPU.Build.0 = Release|Any CPU
		{D3A2C322-9993-4A8C-8AD8-1E8E44FBCBB0}.Debug|Any CPU.ActiveCfg = Debug|Any CPU
		{D3A2C322-9993-4A8C-8AD8-1E8E44FBCBB0}.Debug|Any CPU.Build.0 = Debug|Any CPU
		{D3A2C322-9993-4A8C-8AD8-1E8E44FBCBB0}.Release|Any CPU.ActiveCfg = Release|Any CPU
		{D3A2C322-9993-4A8C-8AD8-1E8E44FBCBB0}.Release|Any CPU.Build.0 = Release|Any CPU
		{179C23B6-35FE-435B-BD72-6F16416024ED}.Debug|Any CPU.ActiveCfg = Debug|Any CPU
		{179C23B6-35FE-435B-BD72-6F16416024ED}.Debug|Any CPU.Build.0 = Debug|Any CPU
		{179C23B6-35FE-435B-BD72-6F16416024ED}.Release|Any CPU.ActiveCfg = Release|Any CPU
		{179C23B6-35FE-435B-BD72-6F16416024ED}.Release|Any CPU.Build.0 = Release|Any CPU
		{CF846832-60BA-4195-B4CB-3DAD89167DF7}.Debug|Any CPU.ActiveCfg = Debug|Any CPU
		{CF846832-60BA-4195-B4CB-3DAD89167DF7}.Debug|Any CPU.Build.0 = Debug|Any CPU
		{CF846832-60BA-4195-B4CB-3DAD89167DF7}.Release|Any CPU.ActiveCfg = Release|Any CPU
		{CF846832-60BA-4195-B4CB-3DAD89167DF7}.Release|Any CPU.Build.0 = Release|Any CPU
	EndGlobalSection
	GlobalSection(SolutionProperties) = preSolution
		HideSolutionNode = FALSE
	EndGlobalSection
	GlobalSection(NestedProjects) = preSolution
		{4F5798FA-8658-4A6C-8A54-FCAF807B6A8F} = {02EA681E-C7D8-13C7-8484-4AC65E1B71E8}
		{E0276209-41E2-4339-91A0-7197BAD6773D} = {4F5798FA-8658-4A6C-8A54-FCAF807B6A8F}
		{FF33146D-82B1-4661-B503-F3CF987F89B9} = {1F209FD2-8117-43AF-B42D-EFAFE688F335}
		{5634299C-FBBE-4A8E-8535-93A2B4B3E863} = {02EA681E-C7D8-13C7-8484-4AC65E1B71E8}
		{AC6D30D0-8CCB-4F66-8F16-44A374E088DF} = {5634299C-FBBE-4A8E-8535-93A2B4B3E863}
		{B7E76A78-479A-4051-AFC4-4BB8A08322BE} = {02EA681E-C7D8-13C7-8484-4AC65E1B71E8}
		{15EB85EB-177F-4328-83E3-849667C92A6E} = {B7E76A78-479A-4051-AFC4-4BB8A08322BE}
		{9E915456-AB36-48D0-9A37-531E5BD41327} = {02EA681E-C7D8-13C7-8484-4AC65E1B71E8}
		{968FB23A-821C-4C3C-841B-D2B2975DDC75} = {9E915456-AB36-48D0-9A37-531E5BD41327}
		{D3A2C322-9993-4A8C-8AD8-1E8E44FBCBB0} = {9E915456-AB36-48D0-9A37-531E5BD41327}
		{179C23B6-35FE-435B-BD72-6F16416024ED} = {9E915456-AB36-48D0-9A37-531E5BD41327}
		{CF846832-60BA-4195-B4CB-3DAD89167DF7} = {9E915456-AB36-48D0-9A37-531E5BD41327}
	EndGlobalSection
	GlobalSection(ExtensibilityGlobals) = postSolution
		SolutionGuid = {AB2CA72A-B2CA-46C1-BF6D-47BBF97EF38E}
	EndGlobalSection
EndGlobal
